// !$*UTF8*$!
{
	archiveVersion = 1;
	classes = {
	};
	objectVersion = 56;
	objects = {

/* Begin PBXBuildFile section */
		0A65714948D670B0B3E5A8C8 /* CompletedView.swift in Sources */ = {isa = PBXBuildFile; fileRef = 6A61A2AC762B73909C3E9BEA /* CompletedView.swift */; };
		2BB9EE74E8056A014556F0A6 /* DetailView.swift in Sources */ = {isa = PBXBuildFile; fileRef = E7CC0B72C606232C42EFEC9C /* DetailView.swift */; };
		2FA33A56A60EF7A2EF7F62BC /* Theme.swift in Sources */ = {isa = PBXBuildFile; fileRef = FA01239EA89EB81F7B6B4BEA /* Theme.swift */; };
		417755F4854B070020191E6C /* ThingsApp.swift in Sources */ = {isa = PBXBuildFile; fileRef = EA452F7E2B7BF6CA4C537FC1 /* ThingsApp.swift */; };
		6834567CE2895951B49E8E56 /* Thing.swift in Sources */ = {isa = PBXBuildFile; fileRef = AAF2136F1C625EBBDD156B26 /* Thing.swift */; };
		78ABFCCED8F173F4CE829C35 /* EditorView.swift in Sources */ = {isa = PBXBuildFile; fileRef = 241B6CE427308D95B899FAB4 /* EditorView.swift */; };
		96B5F7E8398C857248522D96 /* ContentView.swift in Sources */ = {isa = PBXBuildFile; fileRef = 2C2531621FE48ED88B0C9A91 /* ContentView.swift */; };
		9D67361F22EFBC5857D83528 /* FlowLayout.swift in Sources */ = {isa = PBXBuildFile; fileRef = 22E4DCDBC44601E1E2FACD8D /* FlowLayout.swift */; };
		B0DB04F577E6E292D464F4DA /* Icons.swift in Sources */ = {isa = PBXBuildFile; fileRef = 9BADE75027EB10FD0C838AFB /* Icons.swift */; };
		C732B1FC61886049EA9AC79D /* Persistence.swift in Sources */ = {isa = PBXBuildFile; fileRef = CA8B936013FB0B1DB71D1840 /* Persistence.swift */; };
		DADDD4FA538CAF4168ED7A78 /* HomeView.swift in Sources */ = {isa = PBXBuildFile; fileRef = 5C459F866C24B986C45DD510 /* HomeView.swift */; };
		DCC49EEABDD0FBC123807FB8 /* Preview Content in Resources */ = {isa = PBXBuildFile; fileRef = DA906A390E08C80E1CC2B0D8 /* Preview Content */; };
		DD202B56697DD38B71FCBD00 /* ThingCard.swift in Sources */ = {isa = PBXBuildFile; fileRef = 3482978FF20FBB2904FDA920 /* ThingCard.swift */; };
		EB29E6889EC71CE8E18B342A /* Assets.xcassets in Resources */ = {isa = PBXBuildFile; fileRef = 06B251C7350AFC9BD6F04F25 /* Assets.xcassets */; };
		F7D6412C650B2747648D06C0 /* AppIconView.swift in Sources */ = {isa = PBXBuildFile; fileRef = C55EDEC37438CA72EC692C30 /* AppIconView.swift */; };
/* End PBXBuildFile section */

/* Begin PBXFileReference section */
		06B251C7350AFC9BD6F04F25 /* Assets.xcassets */ = {isa = PBXFileReference; lastKnownFileType = folder.assetcatalog; path = Assets.xcassets; sourceTree = "<group>"; };
		22E4DCDBC44601E1E2FACD8D /* FlowLayout.swift */ = {isa = PBXFileReference; lastKnownFileType = sourcecode.swift; path = FlowLayout.swift; sourceTree = "<group>"; };
		241B6CE427308D95B899FAB4 /* EditorView.swift */ = {isa = PBXFileReference; lastKnownFileType = sourcecode.swift; path = EditorView.swift; sourceTree = "<group>"; };
		2C2531621FE48ED88B0C9A91 /* ContentView.swift */ = {isa = PBXFileReference; lastKnownFileType = sourcecode.swift; path = ContentView.swift; sourceTree = "<group>"; };
		3482978FF20FBB2904FDA920 /* ThingCard.swift */ = {isa = PBXFileReference; lastKnownFileType = sourcecode.swift; path = ThingCard.swift; sourceTree = "<group>"; };
		485EB0AA55A18BE8A583C280 /* Things.app */ = {isa = PBXFileReference; explicitFileType = wrapper.application; includeInIndex = 0; path = Things.app; sourceTree = BUILT_PRODUCTS_DIR; };
		5C459F866C24B986C45DD510 /* HomeView.swift */ = {isa = PBXFileReference; lastKnownFileType = sourcecode.swift; path = HomeView.swift; sourceTree = "<group>"; };
		6A61A2AC762B73909C3E9BEA /* CompletedView.swift */ = {isa = PBXFileReference; lastKnownFileType = sourcecode.swift; path = CompletedView.swift; sourceTree = "<group>"; };
		9BADE75027EB10FD0C838AFB /* Icons.swift */ = {isa = PBXFileReference; lastKnownFileType = sourcecode.swift; path = Icons.swift; sourceTree = "<group>"; };
		AAF2136F1C625EBBDD156B26 /* Thing.swift */ = {isa = PBXFileReference; lastKnownFileType = sourcecode.swift; path = Thing.swift; sourceTree = "<group>"; };
		C55EDEC37438CA72EC692C30 /* AppIconView.swift */ = {isa = PBXFileReference; lastKnownFileType = sourcecode.swift; path = AppIconView.swift; sourceTree = "<group>"; };
		CA8B936013FB0B1DB71D1840 /* Persistence.swift */ = {isa = PBXFileReference; lastKnownFileType = sourcecode.swift; path = Persistence.swift; sourceTree = "<group>"; };
		DA906A390E08C80E1CC2B0D8 /* Preview Content */ = {isa = PBXFileReference; lastKnownFileType = folder; path = "Preview Content"; sourceTree = "<group>"; };
		E7CC0B72C606232C42EFEC9C /* DetailView.swift */ = {isa = PBXFileReference; lastKnownFileType = sourcecode.swift; path = DetailView.swift; sourceTree = "<group>"; };
		EA452F7E2B7BF6CA4C537FC1 /* ThingsApp.swift */ = {isa = PBXFileReference; lastKnownFileType = sourcecode.swift; path = ThingsApp.swift; sourceTree = "<group>"; };
		FA01239EA89EB81F7B6B4BEA /* Theme.swift */ = {isa = PBXFileReference; lastKnownFileType = sourcecode.swift; path = Theme.swift; sourceTree = "<group>"; };
/* End PBXFileReference section */

/* Begin PBXFrameworksBuildPhase section */
		349B578E88FC623128D2018B /* Frameworks */ = {
			isa = PBXFrameworksBuildPhase;
			buildActionMask = 2147483647;
			files = (
			);
			runOnlyForDeploymentPostprocessing = 0;
		};
/* End PBXFrameworksBuildPhase section */

/* Begin PBXGroup section */
		200A55B19EC08E594A14695D /* Models */ = {
			isa = PBXGroup;
			children = (
				CA8B936013FB0B1DB71D1840 /* Persistence.swift */,
				AAF2136F1C625EBBDD156B26 /* Thing.swift */,
			);
			path = Models;
			sourceTree = "<group>";
		};
		2A44C54E23411059C3A1A1E1 = {
			isa = PBXGroup;
			children = (
				3008FFE81830535EF7AEC111 /* Things */,
				433D647A17039DC680DEAE8F /* Products */,
			);
			sourceTree = "<group>";
		};
		3008FFE81830535EF7AEC111 /* Things */ = {
			isa = PBXGroup;
			children = (
				200A55B19EC08E594A14695D /* Models */,
				F0D8EDCB6FA84D1106B86621 /* Theme */,
				EA452F7E2B7BF6CA4C537FC1 /* ThingsApp.swift */,
				D2FA3E3827E12A9B814273EE /* Views */,
				06B251C7350AFC9BD6F04F25 /* Assets.xcassets */,
				DA906A390E08C80E1CC2B0D8 /* Preview Content */,
			);
			path = Things;
			sourceTree = "<group>";
		};
		433D647A17039DC680DEAE8F /* Products */ = {
			isa = PBXGroup;
			children = (
				485EB0AA55A18BE8A583C280 /* Things.app */,
			);
			name = Products;
			sourceTree = "<group>";
		};
		D2FA3E3827E12A9B814273EE /* Views */ = {
			isa = PBXGroup;
			children = (
				C55EDEC37438CA72EC692C30 /* AppIconView.swift */,
				6A61A2AC762B73909C3E9BEA /* CompletedView.swift */,
				2C2531621FE48ED88B0C9A91 /* ContentView.swift */,
				E7CC0B72C606232C42EFEC9C /* DetailView.swift */,
				241B6CE427308D95B899FAB4 /* EditorView.swift */,
				22E4DCDBC44601E1E2FACD8D /* FlowLayout.swift */,
				5C459F866C24B986C45DD510 /* HomeView.swift */,
				3482978FF20FBB2904FDA920 /* ThingCard.swift */,
			);
			path = Views;
			sourceTree = "<group>";
		};
		F0D8EDCB6FA84D1106B86621 /* Theme */ = {
			isa = PBXGroup;
			children = (
				9BADE75027EB10FD0C838AFB /* Icons.swift */,
				FA01239EA89EB81F7B6B4BEA /* Theme.swift */,
			);
			path = Theme;
			sourceTree = "<group>";
		};
/* End PBXGroup section */

/* Begin PBXNativeTarget section */
		26AF5BB03DFC9CEFD76DC109 /* Things */ = {
			isa = PBXNativeTarget;
			buildConfigurationList = 009BCBF0C85A9D3AD30F8EB7 /* Build configuration list for PBXNativeTarget "Things" */;
			buildPhases = (
				F3F3D267CF0FD5307403D537 /* Sources */,
				349B578E88FC623128D2018B /* Frameworks */,
				41B260B1D2A5E0B273280C8E /* Resources */,
			);
			buildRules = (
			);
			dependencies = (
			);
			name = Things;
			productName = Things;
			productReference = 485EB0AA55A18BE8A583C280 /* Things.app */;
			productType = "com.apple.product-type.application";
		};
/* End PBXNativeTarget section */

/* Begin PBXProject section */
		46F86FAA6BBF9AC94A7E4595 /* Project object */ = {
			isa = PBXProject;
			attributes = {
				BuildIndependentTargetsInParallel = 1;
				LastSwiftUpdateCheck = 1500;
				LastUpgradeCheck = 1500;
				TargetAttributes = {
					26AF5BB03DFC9CEFD76DC109 = {
						CreatedOnToolsVersion = 15.0;
					};
				};
			};
			buildConfigurationList = 938CBF74E81D18A798197C2C /* Build configuration list for PBXProject "Things" */;
			compatibilityVersion = "Xcode 14.0";
			developmentRegion = en;
			hasScannedForEncodings = 0;
			knownRegions = (
				en,
				Base,
			);
			mainGroup = 2A44C54E23411059C3A1A1E1;
			productRefGroup = 433D647A17039DC680DEAE8F /* Products */;
			projectDirPath = "";
			projectRoot = "";
			targets = (
				26AF5BB03DFC9CEFD76DC109 /* Things */,
			);
		};
/* End PBXProject section */

/* Begin PBXResourcesBuildPhase section */
		41B260B1D2A5E0B273280C8E /* Resources */ = {
			isa = PBXResourcesBuildPhase;
			buildActionMask = 2147483647;
			files = (
				EB29E6889EC71CE8E18B342A /* Assets.xcassets in Resources */,
				DCC49EEABDD0FBC123807FB8 /* Preview Content in Resources */,
			);
			runOnlyForDeploymentPostprocessing = 0;
		};
/* End PBXResourcesBuildPhase section */

/* Begin PBXSourcesBuildPhase section */
		F3F3D267CF0FD5307403D537 /* Sources */ = {
			isa = PBXSourcesBuildPhase;
			buildActionMask = 2147483647;
			files = (
				C732B1FC61886049EA9AC79D /* Persistence.swift in Sources */,
				6834567CE2895951B49E8E56 /* Thing.swift in Sources */,
				B0DB04F577E6E292D464F4DA /* Icons.swift in Sources */,
				2FA33A56A60EF7A2EF7F62BC /* Theme.swift in Sources */,
				417755F4854B070020191E6C /* ThingsApp.swift in Sources */,
				F7D6412C650B2747648D06C0 /* AppIconView.swift in Sources */,
				0A65714948D670B0B3E5A8C8 /* CompletedView.swift in Sources */,
				96B5F7E8398C857248522D96 /* ContentView.swift in Sources */,
				2BB9EE74E8056A014556F0A6 /* DetailView.swift in Sources */,
				78ABFCCED8F173F4CE829C35 /* EditorView.swift in Sources */,
				9D67361F22EFBC5857D83528 /* FlowLayout.swift in Sources */,
				DADDD4FA538CAF4168ED7A78 /* HomeView.swift in Sources */,
				DD202B56697DD38B71FCBD00 /* ThingCard.swift in Sources */,
			);
			runOnlyForDeploymentPostprocessing = 0;
		};
/* End PBXSourcesBuildPhase section */

/* Begin XCBuildConfiguration section */
		18FBDB88B4FFF8D547341822 /* Debug */ = {
			isa = XCBuildConfiguration;
			buildSettings = {
				ASSETCATALOG_COMPILER_APPICON_NAME = AppIcon;
				ASSETCATALOG_COMPILER_GLOBAL_ACCENT_COLOR_NAME = AccentColor;
				CODE_SIGN_STYLE = Automatic;
				CURRENT_PROJECT_VERSION = 1;
				DEVELOPMENT_ASSET_PATHS = "\"Things/Preview Content\"";
				DEVELOPMENT_TEAM = 4VCC42TKX8;
				ENABLE_PREVIEWS = YES;
				GENERATE_INFOPLIST_FILE = YES;
				INFOPLIST_KEY_UIApplicationSceneManifest_Generation = YES;
				INFOPLIST_KEY_UIApplicationSupportsIndirectInputEvents = YES;
				INFOPLIST_KEY_UILaunchScreen_Generation = YES;
				INFOPLIST_KEY_UISupportedInterfaceOrientations_iPad = "UIInterfaceOrientationPortrait UIInterfaceOrientationPortraitUpsideDown UIInterfaceOrientationLandscapeLeft UIInterfaceOrientationLandscapeRight";
				INFOPLIST_KEY_UISupportedInterfaceOrientations_iPhone = UIInterfaceOrientationPortrait;
				LD_RUNPATH_SEARCH_PATHS = (
					"$(inherited)",
					"@executable_path/Frameworks",
				);
				MARKETING_VERSION = 1.0;
				PRODUCT_BUNDLE_IDENTIFIER = com.example.Things;
				PRODUCT_NAME = "$(TARGET_NAME)";
				SWIFT_EMIT_LOC_STRINGS = YES;
				TARGETED_DEVICE_FAMILY = "1,2";
			};
			name = Debug;
		};
		7D1E7E3BB479E6BE557E824A /* Release */ = {
			isa = XCBuildConfiguration;
			buildSettings = {
				ASSETCATALOG_COMPILER_APPICON_NAME = AppIcon;
				ASSETCATALOG_COMPILER_GLOBAL_ACCENT_COLOR_NAME = AccentColor;
				CODE_SIGN_STYLE = Automatic;
				CURRENT_PROJECT_VERSION = 1;
				DEVELOPMENT_ASSET_PATHS = "\"Things/Preview Content\"";
				DEVELOPMENT_TEAM = 4VCC42TKX8;
				ENABLE_PREVIEWS = YES;
				GENERATE_INFOPLIST_FILE = YES;
				INFOPLIST_KEY_UIApplicationSceneManifest_Generation = YES;
				INFOPLIST_KEY_UIApplicationSupportsIndirectInputEvents = YES;
				INFOPLIST_KEY_UILaunchScreen_Generation = YES;
				INFOPLIST_KEY_UISupportedInterfaceOrientations_iPad = "UIInterfaceOrientationPortrait UIInterfaceOrientationPortraitUpsideDown UIInterfaceOrientationLandscapeLeft UIInterfaceOrientationLandscapeRight";
				INFOPLIST_KEY_UISupportedInterfaceOrientations_iPhone = UIInterfaceOrientationPortrait;
				LD_RUNPATH_SEARCH_PATHS = (
					"$(inherited)",
					"@executable_path/Frameworks",
				);
				MARKETING_VERSION = 1.0;
				PRODUCT_BUNDLE_IDENTIFIER = com.example.Things;
				PRODUCT_NAME = "$(TARGET_NAME)";
				SWIFT_EMIT_LOC_STRINGS = YES;
				TARGETED_DEVICE_FAMILY = "1,2";
			};
			name = Release;
		};
		82BAFC0BCB9B7722A9AF8F69 /* Release */ = {
			isa = XCBuildConfiguration;
			buildSettings = {
				ALWAYS_SEARCH_USER_PATHS = NO;
				ASSETCATALOG_COMPILER_GENERATE_SWIFT_ASSET_SYMBOL_EXTENSIONS = YES;
				CLANG_ANALYZER_NONNULL = YES;
				CLANG_ANALYZER_NUMBER_OBJECT_CONVERSION = YES_AGGRESSIVE;
				CLANG_CXX_LANGUAGE_STANDARD = "gnu++20";
				CLANG_ENABLE_MODULES = YES;
				CLANG_ENABLE_OBJC_ARC = YES;
				CLANG_ENABLE_OBJC_WEAK = YES;
				CLANG_WARN_BLOCK_CAPTURE_AUTORELEASING = YES;
				CLANG_WARN_BOOL_CONVERSION = YES;
				CLANG_WARN_COMMA = YES;
				CLANG_WARN_CONSTANT_CONVERSION = YES;
				CLANG_WARN_DEPRECATED_OBJC_IMPLEMENTATIONS = YES;
				CLANG_WARN_DIRECT_OBJC_ISA_USAGE = YES_ERROR;
				CLANG_WARN_DOCUMENTATION_COMMENTS = YES;
				CLANG_WARN_EMPTY_BODY = YES;
				CLANG_WARN_ENUM_CONVERSION = YES;
				CLANG_WARN_INFINITE_RECURSION = YES;
				CLANG_WARN_INT_CONVERSION = YES;
				CLANG_WARN_NON_LITERAL_NULL_CONVERSION = YES;
				CLANG_WARN_OBJC_IMPLICIT_RETAIN_SELF = YES;
				CLANG_WARN_OBJC_LITERAL_CONVERSION = YES;
				CLANG_WARN_OBJC_ROOT_CLASS = YES_ERROR;
				CLANG_WARN_QUOTED_INCLUDE_IN_FRAMEWORK_HEADER = YES;
				CLANG_WARN_RANGE_LOOP_ANALYSIS = YES;
				CLANG_WARN_STRICT_PROTOTYPES = YES;
				CLANG_WARN_SUSPICIOUS_MOVE = YES;
				CLANG_WARN_UNGUARDED_AVAILABILITY = YES_AGGRESSIVE;
				CLANG_WARN_UNREACHABLE_CODE = YES;
				CLANG_WARN__DUPLICATE_METHOD_MATCH = YES;
				COPY_PHASE_STRIP = NO;
				DEBUG_INFORMATION_FORMAT = "dwarf-with-dsym";
				ENABLE_NS_ASSERTIONS = NO;
				ENABLE_STRICT_OBJC_MSGSEND = YES;
				ENABLE_USER_SCRIPT_SANDBOXING = YES;
				GCC_C_LANGUAGE_STANDARD = gnu17;
				GCC_NO_COMMON_BLOCKS = YES;
				GCC_WARN_64_TO_32_BIT_CONVERSION = YES;
				GCC_WARN_ABOUT_RETURN_TYPE = YES_ERROR;
				GCC_WARN_UNDECLARED_SELECTOR = YES;
				GCC_WARN_UNINITIALIZED_AUTOS = YES_AGGRESSIVE;
				GCC_WARN_UNUSED_FUNCTION = YES;
				GCC_WARN_UNUSED_VARIABLE = YES;
				IPHONEOS_DEPLOYMENT_TARGET = 17.0;
				LOCALIZATION_PREFERS_STRING_CATALOGS = YES;
				MTL_ENABLE_DEBUG_INFO = NO;
				MTL_FAST_MATH = YES;
				SDKROOT = iphoneos;
				SWIFT_COMPILATION_MODE = wholemodule;
				SWIFT_VERSION = 5.9;
				VALIDATE_PRODUCT = YES;
			};
			name = Release;
		};
		9532DD524F487496C8A03735 /* Debug */ = {
			isa = XCBuildConfiguration;
			buildSettings = {
				ALWAYS_SEARCH_USER_PATHS = NO;
				ASSETCATALOG_COMPILER_GENERATE_SWIFT_ASSET_SYMBOL_EXTENSIONS = YES;
				CLANG_ANALYZER_NONNULL = YES;
				CLANG_ANALYZER_NUMBER_OBJECT_CONVERSION = YES_AGGRESSIVE;
				CLANG_CXX_LANGUAGE_STANDARD = "gnu++20";
				CLANG_ENABLE_MODULES = YES;
				CLANG_ENABLE_OBJC_ARC = YES;
				CLANG_ENABLE_OBJC_WEAK = YES;
				CLANG_WARN_BLOCK_CAPTURE_AUTORELEASING = YES;
				CLANG_WARN_BOOL_CONVERSION = YES;
				CLANG_WARN_COMMA = YES;
				CLANG_WARN_CONSTANT_CONVERSION = YES;
				CLANG_WARN_DEPRECATED_OBJC_IMPLEMENTATIONS = YES;
				CLANG_WARN_DIRECT_OBJC_ISA_USAGE = YES_ERROR;
				CLANG_WARN_DOCUMENTATION_COMMENTS = YES;
				CLANG_WARN_EMPTY_BODY = YES;
				CLANG_WARN_ENUM_CONVERSION = YES;
				CLANG_WARN_INFINITE_RECURSION = YES;
				CLANG_WARN_INT_CONVERSION = YES;
				CLANG_WARN_NON_LITERAL_NULL_CONVERSION = YES;
				CLANG_WARN_OBJC_IMPLICIT_RETAIN_SELF = YES;
				CLANG_WARN_OBJC_LITERAL_CONVERSION = YES;
				CLANG_WARN_OBJC_ROOT_CLASS = YES_ERROR;
				CLANG_WARN_QUOTED_INCLUDE_IN_FRAMEWORK_HEADER = YES;
				CLANG_WARN_RANGE_LOOP_ANALYSIS = YES;
				CLANG_WARN_STRICT_PROTOTYPES = YES;
				CLANG_WARN_SUSPICIOUS_MOVE = YES;
				CLANG_WARN_UNGUARDED_AVAILABILITY = YES_AGGRESSIVE;
				CLANG_WARN_UNREACHABLE_CODE = YES;
				CLANG_WARN__DUPLICATE_METHOD_MATCH = YES;
				COPY_PHASE_STRIP = NO;
				DEBUG_INFORMATION_FORMAT = dwarf;
				ENABLE_STRICT_OBJC_MSGSEND = YES;
				ENABLE_TESTABILITY = YES;
				ENABLE_USER_SCRIPT_SANDBOXING = YES;
				GCC_C_LANGUAGE_STANDARD = gnu17;
				GCC_DYNAMIC_NO_PIC = NO;
				GCC_NO_COMMON_BLOCKS = YES;
				GCC_OPTIMIZATION_LEVEL = 0;
				GCC_PREPROCESSOR_DEFINITIONS = (
					"DEBUG=1",
					"$(inherited)",
				);
				GCC_WARN_64_TO_32_BIT_CONVERSION = YES;
				GCC_WARN_ABOUT_RETURN_TYPE = YES_ERROR;
				GCC_WARN_UNDECLARED_SELECTOR = YES;
				GCC_WARN_UNINITIALIZED_AUTOS = YES_AGGRESSIVE;
				GCC_WARN_UNUSED_FUNCTION = YES;
				GCC_WARN_UNUSED_VARIABLE = YES;
				IPHONEOS_DEPLOYMENT_TARGET = 17.0;
				LOCALIZATION_PREFERS_STRING_CATALOGS = YES;
				MTL_ENABLE_DEBUG_INFO = INCLUDE_SOURCE;
				MTL_FAST_MATH = YES;
				ONLY_ACTIVE_ARCH = YES;
				SDKROOT = iphoneos;
				SWIFT_ACTIVE_COMPILATION_CONDITIONS = "DEBUG $(inherited)";
				SWIFT_OPTIMIZATION_LEVEL = "-Onone";
				SWIFT_VERSION = 5.9;
			};
			name = Debug;
		};
/* End XCBuildConfiguration section */

/* Begin XCConfigurationList section */
		009BCBF0C85A9D3AD30F8EB7 /* Build configuration list for PBXNativeTarget "Things" */ = {
			isa = XCConfigurationList;
			buildConfigurations = (
				18FBDB88B4FFF8D547341822 /* Debug */,
				7D1E7E3BB479E6BE557E824A /* Release */,
			);
			defaultConfigurationIsVisible = 0;
			defaultConfigurationName = Release;
		};
		938CBF74E81D18A798197C2C /* Build configuration list for PBXProject "Things" */ = {
			isa = XCConfigurationList;
			buildConfigurations = (
				9532DD524F487496C8A03735 /* Debug */,
				82BAFC0BCB9B7722A9AF8F69 /* Release */,
			);
			defaultConfigurationIsVisible = 0;
			defaultConfigurationName = Release;
		};
/* End XCConfigurationList section */
	};
	rootObject = 46F86FAA6BBF9AC94A7E4595 /* Project object */;
}
